
Microsoft Visual Studio Solution File, Format Version 11.00
# Visual Studio 2010
Project("{FAE04EC0-301F-11D3-BF4B-00C04F79EFBC}") = "Analizator9000", "Analizator9000\Analizator9000.csproj", "{9E1F05BE-2798-488B-9A4C-C1C25665BDDD}"
EndProject
Project("{7CF6DF6D-3B04-46F8-A40B-537D21BCA0B4}") = "an9k-doc", "an9k-doc\an9k-doc.shfbproj", "{517107A5-7F91-4228-B365-0F426145E1D5}"
EndProject
Global
	GlobalSection(SubversionScc) = preSolution
		Svn-Managed = True
		Manager = AnkhSVN - Subversion Support for Visual Studio
	EndGlobalSection
	GlobalSection(SolutionConfigurationPlatforms) = preSolution
		Debug|Any CPU = Debug|Any CPU
		Debug|x86 = Debug|x86
		Release|Any CPU = Release|Any CPU
		Release|x86 = Release|x86
	EndGlobalSection
	GlobalSection(ProjectConfigurationPlatforms) = postSolution
		{9E1F05BE-2798-488B-9A4C-C1C25665BDDD}.Debug|Any CPU.ActiveCfg = Debug|x86
		{9E1F05BE-2798-488B-9A4C-C1C25665BDDD}.Debug|Any CPU.Build.0 = Debug|x86
		{9E1F05BE-2798-488B-9A4C-C1C25665BDDD}.Debug|x86.ActiveCfg = Debug|x86
		{9E1F05BE-2798-488B-9A4C-C1C25665BDDD}.Debug|x86.Build.0 = Debug|x86
		{9E1F05BE-2798-488B-9A4C-C1C25665BDDD}.Release|Any CPU.ActiveCfg = Release|x86
		{9E1F05BE-2798-488B-9A4C-C1C25665BDDD}.Release|Any CPU.Build.0 = Release|x86
		{9E1F05BE-2798-488B-9A4C-C1C25665BDDD}.Release|x86.ActiveCfg = Release|x86
		{9E1F05BE-2798-488B-9A4C-C1C25665BDDD}.Release|x86.Build.0 = Release|x86
		{517107A5-7F91-4228-B365-0F426145E1D5}.Debug|Any CPU.ActiveCfg = Debug|Any CPU
		{517107A5-7F91-4228-B365-0F426145E1D5}.Debug|Any CPU.Build.0 = Debug|Any CPU
		{517107A5-7F91-4228-B365-0F426145E1D5}.Debug|x86.ActiveCfg = Debug|Any CPU
		{517107A5-7F91-4228-B365-0F426145E1D5}.Release|Any CPU.ActiveCfg = Release|Any CPU
		{517107A5-7F91-4228-B365-0F426145E1D5}.Release|Any CPU.Build.0 = Release|Any CPU
		{517107A5-7F91-4228-B365-0F426145E1D5}.Release|x86.ActiveCfg = Release|Any CPU
	EndGlobalSection
	GlobalSection(SolutionProperties) = preSolution
		HideSolutionNode = FALSE
	EndGlobalSection
EndGlobal
